
Microsoft Visual Studio Solution File, Format Version 12.00
# Visual Studio Version 16
VisualStudioVersion = 16.0.30907.101
MinimumVisualStudioVersion = 10.0.40219.1
Project("{2150E333-8FDC-42A3-9474-1A3956D46DE8}") = "Core", "Core", "{B9FD2864-D9E5-4E24-AC15-D6EBF2E135F7}"
EndProject
Project("{2150E333-8FDC-42A3-9474-1A3956D46DE8}") = "Infrastructure", "Infrastructure", "{81B18166-70E6-40DE-A2BC-12F5D1A5A2FE}"
EndProject
Project("{2150E333-8FDC-42A3-9474-1A3956D46DE8}") = "Presentation", "Presentation", "{CB11A8A5-337D-41A8-BED3-5FA17B7ACBF8}"
EndProject
Project("{9A19103F-16F7-4668-BE54-9A1E7A4F7556}") = "PAMS.API", "PAM.API\PAMS.API.csproj", "{1D8674D5-AB8C-474B-B6D1-F849C7C3E0FC}"
EndProject
Project("{9A19103F-16F7-4668-BE54-9A1E7A4F7556}") = "PAMS.Application", "PAM.Application\PAMS.Application.csproj", "{529C5768-538D-49B6-9A7E-7EDCFC976A16}"
EndProject
Project("{9A19103F-16F7-4668-BE54-9A1E7A4F7556}") = "PAMS.Domain", "PAM.Domain\PAMS.Domain.csproj", "{6C67A652-7B72-4ACE-BD50-8CF7518A5764}"
EndProject
Project("{9A19103F-16F7-4668-BE54-9A1E7A4F7556}") = "PAMS.DTOs", "PAM.DTOs\PAMS.DTOs.csproj", "{0D5482CB-1D2C-48B4-A76E-8B0E04C99B43}"
EndProject
Project("{9A19103F-16F7-4668-BE54-9A1E7A4F7556}") = "PAMS.Persistence", "PAMS.Persistence\PAMS.Persistence.csproj", "{6FFE06A8-04C0-42B9-883D-E1B21D7F3240}"
EndProject
Project("{9A19103F-16F7-4668-BE54-9A1E7A4F7556}") = "PAMS.Test", "PAMS.Test\PAMS.Test.csproj", "{F599525F-86F2-4C2C-9203-1546A7BE688C}"
EndProject
Project("{9A19103F-16F7-4668-BE54-9A1E7A4F7556}") = "PAMS.Services", "PAMS.Services\PAMS.Services.csproj", "{C803A19B-7A4D-4A8D-8565-8436B173D6F4}"
EndProject
Global
	GlobalSection(SolutionConfigurationPlatforms) = preSolution
		Debug|Any CPU = Debug|Any CPU
		Release|Any CPU = Release|Any CPU
	EndGlobalSection
	GlobalSection(ProjectConfigurationPlatforms) = postSolution
		{1D8674D5-AB8C-474B-B6D1-F849C7C3E0FC}.Debug|Any CPU.ActiveCfg = Debug|Any CPU
		{1D8674D5-AB8C-474B-B6D1-F849C7C3E0FC}.Debug|Any CPU.Build.0 = Debug|Any CPU
		{1D8674D5-AB8C-474B-B6D1-F849C7C3E0FC}.Release|Any CPU.ActiveCfg = Release|Any CPU
		{1D8674D5-AB8C-474B-B6D1-F849C7C3E0FC}.Release|Any CPU.Build.0 = Release|Any CPU
		{529C5768-538D-49B6-9A7E-7EDCFC976A16}.Debug|Any CPU.ActiveCfg = Debug|Any CPU
		{529C5768-538D-49B6-9A7E-7EDCFC976A16}.Debug|Any CPU.Build.0 = Debug|Any CPU
		{529C5768-538D-49B6-9A7E-7EDCFC976A16}.Release|Any CPU.ActiveCfg = Release|Any CPU
		{529C5768-538D-49B6-9A7E-7EDCFC976A16}.Release|Any CPU.Build.0 = Release|Any CPU
		{6C67A652-7B72-4ACE-BD50-8CF7518A5764}.Debug|Any CPU.ActiveCfg = Debug|Any CPU
		{6C67A652-7B72-4ACE-BD50-8CF7518A5764}.Debug|Any CPU.Build.0 = Debug|Any CPU
		{6C67A652-7B72-4ACE-BD50-8CF7518A5764}.Release|Any CPU.ActiveCfg = Release|Any CPU
		{6C67A652-7B72-4ACE-BD50-8CF7518A5764}.Release|Any CPU.Build.0 = Release|Any CPU
		{0D5482CB-1D2C-48B4-A76E-8B0E04C99B43}.Debug|Any CPU.ActiveCfg = Debug|Any CPU
		{0D5482CB-1D2C-48B4-A76E-8B0E04C99B43}.Debug|Any CPU.Build.0 = Debug|Any CPU
		{0D5482CB-1D2C-48B4-A76E-8B0E04C99B43}.Release|Any CPU.ActiveCfg = Release|Any CPU
		{0D5482CB-1D2C-48B4-A76E-8B0E04C99B43}.Release|Any CPU.Build.0 = Release|Any CPU
		{6FFE06A8-04C0-42B9-883D-E1B21D7F3240}.Debug|Any CPU.ActiveCfg = Debug|Any CPU
		{6FFE06A8-04C0-42B9-883D-E1B21D7F3240}.Debug|Any CPU.Build.0 = Debug|Any CPU
		{6FFE06A8-04C0-42B9-883D-E1B21D7F3240}.Release|Any CPU.ActiveCfg = Release|Any CPU
		{6FFE06A8-04C0-42B9-883D-E1B21D7F3240}.Release|Any CPU.Build.0 = Release|Any CPU
		{F599525F-86F2-4C2C-9203-1546A7BE688C}.Debug|Any CPU.ActiveCfg = Debug|Any CPU
		{F599525F-86F2-4C2C-9203-1546A7BE688C}.Debug|Any CPU.Build.0 = Debug|Any CPU
		{F599525F-86F2-4C2C-9203-1546A7BE688C}.Release|Any CPU.ActiveCfg = Release|Any CPU
		{F599525F-86F2-4C2C-9203-1546A7BE688C}.Release|Any CPU.Build.0 = Release|Any CPU
		{C803A19B-7A4D-4A8D-8565-8436B173D6F4}.Debug|Any CPU.ActiveCfg = Debug|Any CPU
		{C803A19B-7A4D-4A8D-8565-8436B173D6F4}.Debug|Any CPU.Build.0 = Debug|Any CPU
		{C803A19B-7A4D-4A8D-8565-8436B173D6F4}.Release|Any CPU.ActiveCfg = Release|Any CPU
		{C803A19B-7A4D-4A8D-8565-8436B173D6F4}.Release|Any CPU.Build.0 = Release|Any CPU
	EndGlobalSection
	GlobalSection(SolutionProperties) = preSolution
		HideSolutionNode = FALSE
	EndGlobalSection
	GlobalSection(NestedProjects) = preSolution
		{1D8674D5-AB8C-474B-B6D1-F849C7C3E0FC} = {CB11A8A5-337D-41A8-BED3-5FA17B7ACBF8}
		{529C5768-538D-49B6-9A7E-7EDCFC976A16} = {B9FD2864-D9E5-4E24-AC15-D6EBF2E135F7}
		{6C67A652-7B72-4ACE-BD50-8CF7518A5764} = {B9FD2864-D9E5-4E24-AC15-D6EBF2E135F7}
		{0D5482CB-1D2C-48B4-A76E-8B0E04C99B43} = {B9FD2864-D9E5-4E24-AC15-D6EBF2E135F7}
		{6FFE06A8-04C0-42B9-883D-E1B21D7F3240} = {81B18166-70E6-40DE-A2BC-12F5D1A5A2FE}
		{F599525F-86F2-4C2C-9203-1546A7BE688C} = {81B18166-70E6-40DE-A2BC-12F5D1A5A2FE}
		{C803A19B-7A4D-4A8D-8565-8436B173D6F4} = {81B18166-70E6-40DE-A2BC-12F5D1A5A2FE}
	EndGlobalSection
	GlobalSection(ExtensibilityGlobals) = postSolution
		SolutionGuid = {1F5B50B8-F51F-4CC8-AF56-233E790193D4}
	EndGlobalSection
EndGlobal
